// !$*UTF8*$!
{
	archiveVersion = 1;
	classes = {
	};
	objectVersion = 51;
	objects = {

/* Begin PBXBuildFile section */
		54A3440D79987A0E25BCD292 /* Pods_Bracket.framework in Frameworks */ = {isa = PBXBuildFile; fileRef = C9E564969FBFD6D4B4F10CF8 /* Pods_Bracket.framework */; };
		6D07C5A424C16EFA00C6775D /* TrendingViewController.swift in Sources */ = {isa = PBXBuildFile; fileRef = 6D0DD19924BD79F200D3D8A5 /* TrendingViewController.swift */; };
		6D07C5A524C16EFE00C6775D /* NodeCreationCell.swift in Sources */ = {isa = PBXBuildFile; fileRef = 6D85B1B72482220900E1504D /* NodeCreationCell.swift */; };
		6D07C5A624C16EFE00C6775D /* CreationDetailViewController.swift in Sources */ = {isa = PBXBuildFile; fileRef = 6D85B1B52480C59E00E1504D /* CreationDetailViewController.swift */; };
		6D07C5A724C16EFE00C6775D /* OptionCreationPageViewController.swift in Sources */ = {isa = PBXBuildFile; fileRef = 6D77A12E248A061F00FE61D0 /* OptionCreationPageViewController.swift */; };
		6D07C5A824C16EFE00C6775D /* CreationNavigationController.swift in Sources */ = {isa = PBXBuildFile; fileRef = 6D5506E52496C7B7005B995F /* CreationNavigationController.swift */; };
		6D07C5A924C16EFE00C6775D /* OptionCreationViewController.swift in Sources */ = {isa = PBXBuildFile; fileRef = 6D77A130248A0FF300FE61D0 /* OptionCreationViewController.swift */; };
		6D07C5AA24C16F0300C6775D /* PreviewCell.swift in Sources */ = {isa = PBXBuildFile; fileRef = 6D85B1AA2468E9C800E1504D /* PreviewCell.swift */; };
		6D07C5AB24C16F0300C6775D /* PreviewViewController.swift in Sources */ = {isa = PBXBuildFile; fileRef = 6D85B1A82468E81600E1504D /* PreviewViewController.swift */; };
		6D07C5AC24C16F0300C6775D /* HomePageViewController.swift in Sources */ = {isa = PBXBuildFile; fileRef = 6D8D8211244BCC1C0029B823 /* HomePageViewController.swift */; };
		6D07C5AE24C16F0800C6775D /* Option.swift in Sources */ = {isa = PBXBuildFile; fileRef = 6D85B1AE246E5F1300E1504D /* Option.swift */; };
		6D07C5AF24C16F0800C6775D /* Node.swift in Sources */ = {isa = PBXBuildFile; fileRef = 6D85B1AC246E5C8700E1504D /* Node.swift */; };
		6D07C5B024C16F0800C6775D /* Tournament.swift in Sources */ = {isa = PBXBuildFile; fileRef = 6DB7745C246213B1002B92C4 /* Tournament.swift */; };
		6D07C5B124C16F1000C6775D /* AppDelegate.swift in Sources */ = {isa = PBXBuildFile; fileRef = 6D0DD19324BBB13600D3D8A5 /* AppDelegate.swift */; };
		6D07C5B224C16F1000C6775D /* SceneDelegate.swift in Sources */ = {isa = PBXBuildFile; fileRef = 6D0DD19424BBB13600D3D8A5 /* SceneDelegate.swift */; };
		6D07C5B324C16F1000C6775D /* UserDefaultsHelper.swift in Sources */ = {isa = PBXBuildFile; fileRef = 6D0DD19224BBB13600D3D8A5 /* UserDefaultsHelper.swift */; };
		6D0DD18524B95AD000D3D8A5 /* Trending.storyboard in Resources */ = {isa = PBXBuildFile; fileRef = 6D0DD18424B95AD000D3D8A5 /* Trending.storyboard */; };
		6D0DD18824B95BFD00D3D8A5 /* Social.storyboard in Resources */ = {isa = PBXBuildFile; fileRef = 6D0DD18724B95BFD00D3D8A5 /* Social.storyboard */; };
		6D0DD18A24B95C2100D3D8A5 /* Friends.storyboard in Resources */ = {isa = PBXBuildFile; fileRef = 6D0DD18924B95C2100D3D8A5 /* Friends.storyboard */; };
		6D0DD18C24B95C3E00D3D8A5 /* Personal.storyboard in Resources */ = {isa = PBXBuildFile; fileRef = 6D0DD18B24B95C3E00D3D8A5 /* Personal.storyboard */; };
		6D0DD19124B95D3E00D3D8A5 /* Main.storyboard in Resources */ = {isa = PBXBuildFile; fileRef = 6D0DD19024B95D3E00D3D8A5 /* Main.storyboard */; };
		6D53D42C24C173C5005ABF45 /* TournamentViewController.swift in Sources */ = {isa = PBXBuildFile; fileRef = 6D53D42A24C173C4005ABF45 /* TournamentViewController.swift */; };
		6D53D42D24C173C5005ABF45 /* TournamentOptionCell.swift in Sources */ = {isa = PBXBuildFile; fileRef = 6D53D42B24C173C5005ABF45 /* TournamentOptionCell.swift */; };
		6D53D42F24C1744D005ABF45 /* Tournament.storyboard in Resources */ = {isa = PBXBuildFile; fileRef = 6D53D42E24C1744D005ABF45 /* Tournament.storyboard */; };
		6D53D43124C1748A005ABF45 /* Home.storyboard in Resources */ = {isa = PBXBuildFile; fileRef = 6D53D43024C1748A005ABF45 /* Home.storyboard */; };
		6D53D43324C17500005ABF45 /* GoogleService-Info.plist in Resources */ = {isa = PBXBuildFile; fileRef = 6D53D43224C174FF005ABF45 /* GoogleService-Info.plist */; };
		6D53D45C24C1E2C1005ABF45 /* TopTrendingTableViewCell.swift in Sources */ = {isa = PBXBuildFile; fileRef = 6D53D45A24C1E2C1005ABF45 /* TopTrendingTableViewCell.swift */; };
		6D53D45D24C1E2C1005ABF45 /* TopTrendingTableViewCell.xib in Resources */ = {isa = PBXBuildFile; fileRef = 6D53D45B24C1E2C1005ABF45 /* TopTrendingTableViewCell.xib */; };
		6D53D46224C1E398005ABF45 /* TrendingTableViewCell.swift in Sources */ = {isa = PBXBuildFile; fileRef = 6D53D46024C1E397005ABF45 /* TrendingTableViewCell.swift */; };
		6D53D46324C1E398005ABF45 /* TrendingTableViewCell.xib in Resources */ = {isa = PBXBuildFile; fileRef = 6D53D46124C1E398005ABF45 /* TrendingTableViewCell.xib */; };
		6D53D46C24C21E01005ABF45 /* TrendingCollectionViewCell.swift in Sources */ = {isa = PBXBuildFile; fileRef = 6D53D46A24C21E01005ABF45 /* TrendingCollectionViewCell.swift */; };
		6D53D46D24C21E01005ABF45 /* TrendingCollectionViewCell.xib in Resources */ = {isa = PBXBuildFile; fileRef = 6D53D46B24C21E01005ABF45 /* TrendingCollectionViewCell.xib */; };
		6D765F8224C7800500636526 /* CreationTitleTableViewCell.swift in Sources */ = {isa = PBXBuildFile; fileRef = 6D765F8124C7800500636526 /* CreationTitleTableViewCell.swift */; };
		6D765F8424C7801D00636526 /* CreationOptionTableViewCell.swift in Sources */ = {isa = PBXBuildFile; fileRef = 6D765F8324C7801D00636526 /* CreationOptionTableViewCell.swift */; };
		6D765F8624C7803C00636526 /* CreationTournamentSizeTableViewCell.swift in Sources */ = {isa = PBXBuildFile; fileRef = 6D765F8524C7803C00636526 /* CreationTournamentSizeTableViewCell.swift */; };
		6D765F8824C7810C00636526 /* CreationTableViewController.swift in Sources */ = {isa = PBXBuildFile; fileRef = 6D765F8724C7810C00636526 /* CreationTableViewController.swift */; };
		6D78CDFF24C2CB2600FEAB24 /* TrendingTopic.swift in Sources */ = {isa = PBXBuildFile; fileRef = 6D78CDFE24C2CB2600FEAB24 /* TrendingTopic.swift */; };
		6D7EFE312419D9D0002D759C /* Assets.xcassets in Resources */ = {isa = PBXBuildFile; fileRef = 6D7EFE302419D9D0002D759C /* Assets.xcassets */; };
		6D7EFE342419D9D0002D759C /* LaunchScreen.storyboard in Resources */ = {isa = PBXBuildFile; fileRef = 6D7EFE322419D9D0002D759C /* LaunchScreen.storyboard */; };
		6D85B1B32480A2D400E1504D /* Creation.storyboard in Resources */ = {isa = PBXBuildFile; fileRef = 6D85B1B22480A2D400E1504D /* Creation.storyboard */; };
/* End PBXBuildFile section */

/* Begin PBXFileReference section */
		0090BBD43AD4CC13147270A0 /* Pods-Bracket.release.xcconfig */ = {isa = PBXFileReference; includeInIndex = 1; lastKnownFileType = text.xcconfig; name = "Pods-Bracket.release.xcconfig"; path = "Target Support Files/Pods-Bracket/Pods-Bracket.release.xcconfig"; sourceTree = "<group>"; };
		0F60DD05D32785634DF525F2 /* Pods-Bracket.debug.xcconfig */ = {isa = PBXFileReference; includeInIndex = 1; lastKnownFileType = text.xcconfig; name = "Pods-Bracket.debug.xcconfig"; path = "Target Support Files/Pods-Bracket/Pods-Bracket.debug.xcconfig"; sourceTree = "<group>"; };
		6D0DD18424B95AD000D3D8A5 /* Trending.storyboard */ = {isa = PBXFileReference; lastKnownFileType = file.storyboard; path = Trending.storyboard; sourceTree = "<group>"; };
		6D0DD18724B95BFD00D3D8A5 /* Social.storyboard */ = {isa = PBXFileReference; lastKnownFileType = file.storyboard; path = Social.storyboard; sourceTree = "<group>"; };
		6D0DD18924B95C2100D3D8A5 /* Friends.storyboard */ = {isa = PBXFileReference; lastKnownFileType = file.storyboard; path = Friends.storyboard; sourceTree = "<group>"; };
		6D0DD18B24B95C3E00D3D8A5 /* Personal.storyboard */ = {isa = PBXFileReference; lastKnownFileType = file.storyboard; path = Personal.storyboard; sourceTree = "<group>"; };
		6D0DD19024B95D3E00D3D8A5 /* Main.storyboard */ = {isa = PBXFileReference; lastKnownFileType = file.storyboard; path = Main.storyboard; sourceTree = "<group>"; };
		6D0DD19224BBB13600D3D8A5 /* UserDefaultsHelper.swift */ = {isa = PBXFileReference; lastKnownFileType = sourcecode.swift; path = UserDefaultsHelper.swift; sourceTree = "<group>"; };
		6D0DD19324BBB13600D3D8A5 /* AppDelegate.swift */ = {isa = PBXFileReference; lastKnownFileType = sourcecode.swift; path = AppDelegate.swift; sourceTree = "<group>"; };
		6D0DD19424BBB13600D3D8A5 /* SceneDelegate.swift */ = {isa = PBXFileReference; lastKnownFileType = sourcecode.swift; path = SceneDelegate.swift; sourceTree = "<group>"; };
		6D0DD19924BD79F200D3D8A5 /* TrendingViewController.swift */ = {isa = PBXFileReference; lastKnownFileType = sourcecode.swift; path = TrendingViewController.swift; sourceTree = "<group>"; };
		6D53D42A24C173C4005ABF45 /* TournamentViewController.swift */ = {isa = PBXFileReference; fileEncoding = 4; lastKnownFileType = sourcecode.swift; name = TournamentViewController.swift; path = "Bracket/Home Screen/TournamentViewController.swift"; sourceTree = "<group>"; };
		6D53D42B24C173C5005ABF45 /* TournamentOptionCell.swift */ = {isa = PBXFileReference; fileEncoding = 4; lastKnownFileType = sourcecode.swift; name = TournamentOptionCell.swift; path = "Bracket/Home Screen/TournamentOptionCell.swift"; sourceTree = "<group>"; };
		6D53D42E24C1744D005ABF45 /* Tournament.storyboard */ = {isa = PBXFileReference; fileEncoding = 4; lastKnownFileType = file.storyboard; name = Tournament.storyboard; path = "Bracket/Game Screen/Tournament.storyboard"; sourceTree = "<group>"; };
		6D53D43024C1748A005ABF45 /* Home.storyboard */ = {isa = PBXFileReference; fileEncoding = 4; lastKnownFileType = file.storyboard; path = Home.storyboard; sourceTree = "<group>"; };
		6D53D43224C174FF005ABF45 /* GoogleService-Info.plist */ = {isa = PBXFileReference; fileEncoding = 4; lastKnownFileType = text.plist.xml; path = "GoogleService-Info.plist"; sourceTree = "<group>"; };
		6D53D45A24C1E2C1005ABF45 /* TopTrendingTableViewCell.swift */ = {isa = PBXFileReference; lastKnownFileType = sourcecode.swift; path = TopTrendingTableViewCell.swift; sourceTree = "<group>"; };
		6D53D45B24C1E2C1005ABF45 /* TopTrendingTableViewCell.xib */ = {isa = PBXFileReference; lastKnownFileType = file.xib; path = TopTrendingTableViewCell.xib; sourceTree = "<group>"; };
		6D53D46024C1E397005ABF45 /* TrendingTableViewCell.swift */ = {isa = PBXFileReference; lastKnownFileType = sourcecode.swift; path = TrendingTableViewCell.swift; sourceTree = "<group>"; };
		6D53D46124C1E398005ABF45 /* TrendingTableViewCell.xib */ = {isa = PBXFileReference; lastKnownFileType = file.xib; path = TrendingTableViewCell.xib; sourceTree = "<group>"; };
		6D53D46A24C21E01005ABF45 /* TrendingCollectionViewCell.swift */ = {isa = PBXFileReference; lastKnownFileType = sourcecode.swift; path = TrendingCollectionViewCell.swift; sourceTree = "<group>"; };
		6D53D46B24C21E01005ABF45 /* TrendingCollectionViewCell.xib */ = {isa = PBXFileReference; lastKnownFileType = file.xib; path = TrendingCollectionViewCell.xib; sourceTree = "<group>"; };
		6D5506E52496C7B7005B995F /* CreationNavigationController.swift */ = {isa = PBXFileReference; lastKnownFileType = sourcecode.swift; name = CreationNavigationController.swift; path = ../CreationNavigationController.swift; sourceTree = "<group>"; };
		6D765F8124C7800500636526 /* CreationTitleTableViewCell.swift */ = {isa = PBXFileReference; lastKnownFileType = sourcecode.swift; path = CreationTitleTableViewCell.swift; sourceTree = "<group>"; };
		6D765F8324C7801D00636526 /* CreationOptionTableViewCell.swift */ = {isa = PBXFileReference; lastKnownFileType = sourcecode.swift; path = CreationOptionTableViewCell.swift; sourceTree = "<group>"; };
		6D765F8524C7803C00636526 /* CreationTournamentSizeTableViewCell.swift */ = {isa = PBXFileReference; lastKnownFileType = sourcecode.swift; path = CreationTournamentSizeTableViewCell.swift; sourceTree = "<group>"; };
		6D765F8724C7810C00636526 /* CreationTableViewController.swift */ = {isa = PBXFileReference; lastKnownFileType = sourcecode.swift; path = CreationTableViewController.swift; sourceTree = "<group>"; };
		6D77A12E248A061F00FE61D0 /* OptionCreationPageViewController.swift */ = {isa = PBXFileReference; lastKnownFileType = sourcecode.swift; name = OptionCreationPageViewController.swift; path = ../OptionCreationPageViewController.swift; sourceTree = "<group>"; };
		6D77A130248A0FF300FE61D0 /* OptionCreationViewController.swift */ = {isa = PBXFileReference; lastKnownFileType = sourcecode.swift; name = OptionCreationViewController.swift; path = ../OptionCreationViewController.swift; sourceTree = "<group>"; };
		6D78CDFE24C2CB2600FEAB24 /* TrendingTopic.swift */ = {isa = PBXFileReference; lastKnownFileType = sourcecode.swift; path = TrendingTopic.swift; sourceTree = "<group>"; };
		6D7EFE242419D9CE002D759C /* Bracket.app */ = {isa = PBXFileReference; explicitFileType = wrapper.application; includeInIndex = 0; path = Bracket.app; sourceTree = BUILT_PRODUCTS_DIR; };
		6D7EFE302419D9D0002D759C /* Assets.xcassets */ = {isa = PBXFileReference; lastKnownFileType = folder.assetcatalog; path = Assets.xcassets; sourceTree = "<group>"; };
		6D7EFE332419D9D0002D759C /* Base */ = {isa = PBXFileReference; lastKnownFileType = file.storyboard; name = Base; path = Base.lproj/LaunchScreen.storyboard; sourceTree = "<group>"; };
		6D7EFE352419D9D0002D759C /* Info.plist */ = {isa = PBXFileReference; lastKnownFileType = text.plist.xml; path = Info.plist; sourceTree = "<group>"; };
		6D85B1A82468E81600E1504D /* PreviewViewController.swift */ = {isa = PBXFileReference; fileEncoding = 4; lastKnownFileType = sourcecode.swift; name = PreviewViewController.swift; path = ../PreviewViewController.swift; sourceTree = "<group>"; };
		6D85B1AA2468E9C800E1504D /* PreviewCell.swift */ = {isa = PBXFileReference; fileEncoding = 4; lastKnownFileType = sourcecode.swift; name = PreviewCell.swift; path = ../PreviewCell.swift; sourceTree = "<group>"; };
		6D85B1AC246E5C8700E1504D /* Node.swift */ = {isa = PBXFileReference; lastKnownFileType = sourcecode.swift; path = Node.swift; sourceTree = "<group>"; };
		6D85B1AE246E5F1300E1504D /* Option.swift */ = {isa = PBXFileReference; lastKnownFileType = sourcecode.swift; path = Option.swift; sourceTree = "<group>"; };
		6D85B1B22480A2D400E1504D /* Creation.storyboard */ = {isa = PBXFileReference; lastKnownFileType = file.storyboard; path = Creation.storyboard; sourceTree = "<group>"; };
		6D85B1B52480C59E00E1504D /* CreationDetailViewController.swift */ = {isa = PBXFileReference; lastKnownFileType = sourcecode.swift; name = CreationDetailViewController.swift; path = ../CreationDetailViewController.swift; sourceTree = "<group>"; };
		6D85B1B72482220900E1504D /* NodeCreationCell.swift */ = {isa = PBXFileReference; lastKnownFileType = sourcecode.swift; name = NodeCreationCell.swift; path = ../NodeCreationCell.swift; sourceTree = "<group>"; };
		6D8D8211244BCC1C0029B823 /* HomePageViewController.swift */ = {isa = PBXFileReference; lastKnownFileType = sourcecode.swift; path = HomePageViewController.swift; sourceTree = "<group>"; };
		6DB7745C246213B1002B92C4 /* Tournament.swift */ = {isa = PBXFileReference; lastKnownFileType = sourcecode.swift; path = Tournament.swift; sourceTree = "<group>"; };
		C9E564969FBFD6D4B4F10CF8 /* Pods_Bracket.framework */ = {isa = PBXFileReference; explicitFileType = wrapper.framework; includeInIndex = 0; path = Pods_Bracket.framework; sourceTree = BUILT_PRODUCTS_DIR; };
/* End PBXFileReference section */

/* Begin PBXFrameworksBuildPhase section */
		6D7EFE212419D9CE002D759C /* Frameworks */ = {
			isa = PBXFrameworksBuildPhase;
			buildActionMask = 2147483647;
			files = (
				54A3440D79987A0E25BCD292 /* Pods_Bracket.framework in Frameworks */,
			);
			runOnlyForDeploymentPostprocessing = 0;
		};
/* End PBXFrameworksBuildPhase section */

/* Begin PBXGroup section */
		295185DA5C5A2F4BBFE4116D /* Frameworks */ = {
			isa = PBXGroup;
			children = (
				C9E564969FBFD6D4B4F10CF8 /* Pods_Bracket.framework */,
			);
			name = Frameworks;
			sourceTree = "<group>";
		};
		6D0DD18624B95B1D00D3D8A5 /* Trending Screen */ = {
			isa = PBXGroup;
			children = (
				6D0DD19924BD79F200D3D8A5 /* TrendingViewController.swift */,
				6D0DD18424B95AD000D3D8A5 /* Trending.storyboard */,
				6D53D46424C21754005ABF45 /* TopTrendingCell */,
				6D53D46524C21771005ABF45 /* TrendingCells */,
				6D78CDFE24C2CB2600FEAB24 /* TrendingTopic.swift */,
			);
			path = "Trending Screen";
			sourceTree = "<group>";
		};
		6D0DD18D24B95C4700D3D8A5 /* Personal Screen */ = {
			isa = PBXGroup;
			children = (
				6D0DD18B24B95C3E00D3D8A5 /* Personal.storyboard */,
			);
			path = "Personal Screen";
			sourceTree = "<group>";
		};
		6D0DD18E24B95C6000D3D8A5 /* Friends Screen */ = {
			isa = PBXGroup;
			children = (
				6D0DD18924B95C2100D3D8A5 /* Friends.storyboard */,
			);
			path = "Friends Screen";
			sourceTree = "<group>";
		};
		6D0DD18F24B95C7100D3D8A5 /* Social Screen */ = {
			isa = PBXGroup;
			children = (
				6D0DD18724B95BFD00D3D8A5 /* Social.storyboard */,
			);
			path = "Social Screen";
			sourceTree = "<group>";
		};
		6D0DD19824BBB14E00D3D8A5 /* Helpers */ = {
			isa = PBXGroup;
			children = (
				6D7EFE352419D9D0002D759C /* Info.plist */,
				6D53D43224C174FF005ABF45 /* GoogleService-Info.plist */,
				6D0DD19324BBB13600D3D8A5 /* AppDelegate.swift */,
				6D0DD19424BBB13600D3D8A5 /* SceneDelegate.swift */,
				6D0DD19224BBB13600D3D8A5 /* UserDefaultsHelper.swift */,
			);
			path = Helpers;
			sourceTree = "<group>";
		};
		6D4F1BB624C2218000AB4EFE /* Preview Screen */ = {
			isa = PBXGroup;
			children = (
				6D85B1AA2468E9C800E1504D /* PreviewCell.swift */,
				6D85B1A82468E81600E1504D /* PreviewViewController.swift */,
			);
			path = "Preview Screen";
			sourceTree = "<group>";
		};
		6D53D46424C21754005ABF45 /* TopTrendingCell */ = {
			isa = PBXGroup;
			children = (
				6D53D45A24C1E2C1005ABF45 /* TopTrendingTableViewCell.swift */,
				6D53D45B24C1E2C1005ABF45 /* TopTrendingTableViewCell.xib */,
			);
			path = TopTrendingCell;
			sourceTree = "<group>";
		};
		6D53D46524C21771005ABF45 /* TrendingCells */ = {
			isa = PBXGroup;
			children = (
				6D53D46024C1E397005ABF45 /* TrendingTableViewCell.swift */,
				6D53D46124C1E398005ABF45 /* TrendingTableViewCell.xib */,
				6D53D46A24C21E01005ABF45 /* TrendingCollectionViewCell.swift */,
				6D53D46B24C21E01005ABF45 /* TrendingCollectionViewCell.xib */,
			);
			path = TrendingCells;
			sourceTree = "<group>";
		};
		6D765F7F24C77FAC00636526 /* Scrap */ = {
			isa = PBXGroup;
			children = (
				6D85B1B72482220900E1504D /* NodeCreationCell.swift */,
				6D85B1B52480C59E00E1504D /* CreationDetailViewController.swift */,
				6D77A12E248A061F00FE61D0 /* OptionCreationPageViewController.swift */,
				6D5506E52496C7B7005B995F /* CreationNavigationController.swift */,
				6D77A130248A0FF300FE61D0 /* OptionCreationViewController.swift */,
			);
			path = Scrap;
			sourceTree = "<group>";
		};
		6D765F8024C77FBD00636526 /* Option Detail */ = {
			isa = PBXGroup;
			children = (
				6D765F8124C7800500636526 /* CreationTitleTableViewCell.swift */,
				6D765F8324C7801D00636526 /* CreationOptionTableViewCell.swift */,
				6D765F8524C7803C00636526 /* CreationTournamentSizeTableViewCell.swift */,
			);
			path = "Option Detail";
			sourceTree = "<group>";
		};
		6D7EFE1B2419D9CE002D759C = {
			isa = PBXGroup;
			children = (
				6D7EFE262419D9CE002D759C /* Bracket */,
				6D7EFE252419D9CE002D759C /* Products */,
				CFA42701D0E40BD41DA5431F /* Pods */,
				295185DA5C5A2F4BBFE4116D /* Frameworks */,
			);
			sourceTree = "<group>";
		};
		6D7EFE252419D9CE002D759C /* Products */ = {
			isa = PBXGroup;
			children = (
				6D7EFE242419D9CE002D759C /* Bracket.app */,
			);
			name = Products;
			sourceTree = "<group>";
		};
		6D7EFE262419D9CE002D759C /* Bracket */ = {
			isa = PBXGroup;
			children = (
				6D7EFE322419D9D0002D759C /* LaunchScreen.storyboard */,
				6D0DD19024B95D3E00D3D8A5 /* Main.storyboard */,
				6DB7745F24623EC1002B92C4 /* Game Screen */,
				6D0DD18624B95B1D00D3D8A5 /* Trending Screen */,
				6DB7746124623EF8002B92C4 /* Home Screen */,
				6D0DD18F24B95C7100D3D8A5 /* Social Screen */,
				6D0DD18E24B95C6000D3D8A5 /* Friends Screen */,
				6D0DD18D24B95C4700D3D8A5 /* Personal Screen */,
				6D85B1B42480A2F700E1504D /* Classes */,
				6D0DD19824BBB14E00D3D8A5 /* Helpers */,
				6D7EFE302419D9D0002D759C /* Assets.xcassets */,
			);
			path = Bracket;
			sourceTree = "<group>";
		};
		6D85B1B42480A2F700E1504D /* Classes */ = {
			isa = PBXGroup;
			children = (
				6D85B1AE246E5F1300E1504D /* Option.swift */,
				6D85B1AC246E5C8700E1504D /* Node.swift */,
				6DB7745C246213B1002B92C4 /* Tournament.swift */,
			);
			path = Classes;
			sourceTree = "<group>";
		};
		6D85B1B92482231B00E1504D /* Creation Screen */ = {
			isa = PBXGroup;
			children = (
				6D85B1B22480A2D400E1504D /* Creation.storyboard */,
				6D765F8724C7810C00636526 /* CreationTableViewController.swift */,
				6D765F8024C77FBD00636526 /* Option Detail */,
				6D765F7F24C77FAC00636526 /* Scrap */,
			);
			path = "Creation Screen";
			sourceTree = "<group>";
		};
		6DB7745F24623EC1002B92C4 /* Game Screen */ = {
			isa = PBXGroup;
			children = (
				6D53D42E24C1744D005ABF45 /* Tournament.storyboard */,
				6D53D42B24C173C5005ABF45 /* TournamentOptionCell.swift */,
				6D53D42A24C173C4005ABF45 /* TournamentViewController.swift */,
			);
			name = "Game Screen";
			path = ..;
			sourceTree = "<group>";
		};
		6DB7746124623EF8002B92C4 /* Home Screen */ = {
			isa = PBXGroup;
			children = (
				6D53D43024C1748A005ABF45 /* Home.storyboard */,
				6D8D8211244BCC1C0029B823 /* HomePageViewController.swift */,
				6D85B1B92482231B00E1504D /* Creation Screen */,
				6D4F1BB624C2218000AB4EFE /* Preview Screen */,
			);
			path = "Home Screen";
			sourceTree = "<group>";
		};
		CFA42701D0E40BD41DA5431F /* Pods */ = {
			isa = PBXGroup;
			children = (
				0F60DD05D32785634DF525F2 /* Pods-Bracket.debug.xcconfig */,
				0090BBD43AD4CC13147270A0 /* Pods-Bracket.release.xcconfig */,
			);
			path = Pods;
			sourceTree = "<group>";
		};
/* End PBXGroup section */

/* Begin PBXNativeTarget section */
		6D7EFE232419D9CE002D759C /* Bracket */ = {
			isa = PBXNativeTarget;
			buildConfigurationList = 6D7EFE382419D9D0002D759C /* Build configuration list for PBXNativeTarget "Bracket" */;
			buildPhases = (
				C829D06E2CE69484F0935AAD /* [CP] Check Pods Manifest.lock */,
				6D7EFE202419D9CE002D759C /* Sources */,
				6D7EFE212419D9CE002D759C /* Frameworks */,
				6D7EFE222419D9CE002D759C /* Resources */,
				E687A57B4FA859D8A2A375C8 /* [CP] Embed Pods Frameworks */,
			);
			buildRules = (
			);
			dependencies = (
			);
			name = Bracket;
			productName = Bracket;
			productReference = 6D7EFE242419D9CE002D759C /* Bracket.app */;
			productType = "com.apple.product-type.application";
		};
/* End PBXNativeTarget section */

/* Begin PBXProject section */
		6D7EFE1C2419D9CE002D759C /* Project object */ = {
			isa = PBXProject;
			attributes = {
				LastSwiftUpdateCheck = 1110;
				LastUpgradeCheck = 1110;
				ORGANIZATIONNAME = "Justin Galang";
				TargetAttributes = {
					6D7EFE232419D9CE002D759C = {
						CreatedOnToolsVersion = 11.1;
					};
				};
			};
			buildConfigurationList = 6D7EFE1F2419D9CE002D759C /* Build configuration list for PBXProject "Bracket" */;
			compatibilityVersion = "Xcode 9.3";
			developmentRegion = en;
			hasScannedForEncodings = 0;
			knownRegions = (
				en,
				Base,
			);
			mainGroup = 6D7EFE1B2419D9CE002D759C;
			productRefGroup = 6D7EFE252419D9CE002D759C /* Products */;
			projectDirPath = "";
			projectRoot = "";
			targets = (
				6D7EFE232419D9CE002D759C /* Bracket */,
			);
		};
/* End PBXProject section */

/* Begin PBXResourcesBuildPhase section */
		6D7EFE222419D9CE002D759C /* Resources */ = {
			isa = PBXResourcesBuildPhase;
			buildActionMask = 2147483647;
			files = (
				6D0DD18C24B95C3E00D3D8A5 /* Personal.storyboard in Resources */,
				6D53D46324C1E398005ABF45 /* TrendingTableViewCell.xib in Resources */,
				6D53D43124C1748A005ABF45 /* Home.storyboard in Resources */,
				6D7EFE342419D9D0002D759C /* LaunchScreen.storyboard in Resources */,
				6D0DD19124B95D3E00D3D8A5 /* Main.storyboard in Resources */,
				6D0DD18824B95BFD00D3D8A5 /* Social.storyboard in Resources */,
				6D7EFE312419D9D0002D759C /* Assets.xcassets in Resources */,
				6D53D45D24C1E2C1005ABF45 /* TopTrendingTableViewCell.xib in Resources */,
				6D53D42F24C1744D005ABF45 /* Tournament.storyboard in Resources */,
				6D85B1B32480A2D400E1504D /* Creation.storyboard in Resources */,
				6D53D46D24C21E01005ABF45 /* TrendingCollectionViewCell.xib in Resources */,
				6D53D43324C17500005ABF45 /* GoogleService-Info.plist in Resources */,
				6D0DD18A24B95C2100D3D8A5 /* Friends.storyboard in Resources */,
				6D0DD18524B95AD000D3D8A5 /* Trending.storyboard in Resources */,
			);
			runOnlyForDeploymentPostprocessing = 0;
		};
/* End PBXResourcesBuildPhase section */

/* Begin PBXShellScriptBuildPhase section */
		C829D06E2CE69484F0935AAD /* [CP] Check Pods Manifest.lock */ = {
			isa = PBXShellScriptBuildPhase;
			buildActionMask = 2147483647;
			files = (
			);
			inputFileListPaths = (
			);
			inputPaths = (
				"${PODS_PODFILE_DIR_PATH}/Podfile.lock",
				"${PODS_ROOT}/Manifest.lock",
			);
			name = "[CP] Check Pods Manifest.lock";
			outputFileListPaths = (
			);
			outputPaths = (
				"$(DERIVED_FILE_DIR)/Pods-Bracket-checkManifestLockResult.txt",
			);
			runOnlyForDeploymentPostprocessing = 0;
			shellPath = /bin/sh;
			shellScript = "diff \"${PODS_PODFILE_DIR_PATH}/Podfile.lock\" \"${PODS_ROOT}/Manifest.lock\" > /dev/null\nif [ $? != 0 ] ; then\n    # print error to STDERR\n    echo \"error: The sandbox is not in sync with the Podfile.lock. Run 'pod install' or update your CocoaPods installation.\" >&2\n    exit 1\nfi\n# This output is used by Xcode 'outputs' to avoid re-running this script phase.\necho \"SUCCESS\" > \"${SCRIPT_OUTPUT_FILE_0}\"\n";
			showEnvVarsInLog = 0;
		};
		E687A57B4FA859D8A2A375C8 /* [CP] Embed Pods Frameworks */ = {
			isa = PBXShellScriptBuildPhase;
			buildActionMask = 2147483647;
			files = (
			);
			inputFileListPaths = (
				"${PODS_ROOT}/Target Support Files/Pods-Bracket/Pods-Bracket-frameworks-${CONFIGURATION}-input-files.xcfilelist",
			);
			name = "[CP] Embed Pods Frameworks";
			outputFileListPaths = (
				"${PODS_ROOT}/Target Support Files/Pods-Bracket/Pods-Bracket-frameworks-${CONFIGURATION}-output-files.xcfilelist",
			);
			runOnlyForDeploymentPostprocessing = 0;
			shellPath = /bin/sh;
			shellScript = "\"${PODS_ROOT}/Target Support Files/Pods-Bracket/Pods-Bracket-frameworks.sh\"\n";
			showEnvVarsInLog = 0;
		};
/* End PBXShellScriptBuildPhase section */

/* Begin PBXSourcesBuildPhase section */
		6D7EFE202419D9CE002D759C /* Sources */ = {
			isa = PBXSourcesBuildPhase;
			buildActionMask = 2147483647;
			files = (
				6D07C5B124C16F1000C6775D /* AppDelegate.swift in Sources */,
				6D07C5B224C16F1000C6775D /* SceneDelegate.swift in Sources */,
				6D53D42D24C173C5005ABF45 /* TournamentOptionCell.swift in Sources */,
				6D07C5B324C16F1000C6775D /* UserDefaultsHelper.swift in Sources */,
				6D53D45C24C1E2C1005ABF45 /* TopTrendingTableViewCell.swift in Sources */,
				6D07C5AE24C16F0800C6775D /* Option.swift in Sources */,
				6D53D46C24C21E01005ABF45 /* TrendingCollectionViewCell.swift in Sources */,
				6D07C5AF24C16F0800C6775D /* Node.swift in Sources */,
				6D53D42C24C173C5005ABF45 /* TournamentViewController.swift in Sources */,
				6D07C5B024C16F0800C6775D /* Tournament.swift in Sources */,
				6D78CDFF24C2CB2600FEAB24 /* TrendingTopic.swift in Sources */,
				6D07C5AA24C16F0300C6775D /* PreviewCell.swift in Sources */,
				6D765F8624C7803C00636526 /* CreationTournamentSizeTableViewCell.swift in Sources */,
				6D07C5AB24C16F0300C6775D /* PreviewViewController.swift in Sources */,
				6D765F8824C7810C00636526 /* CreationTableViewController.swift in Sources */,
				6D07C5AC24C16F0300C6775D /* HomePageViewController.swift in Sources */,
				6D765F8224C7800500636526 /* CreationTitleTableViewCell.swift in Sources */,
				6D07C5A524C16EFE00C6775D /* NodeCreationCell.swift in Sources */,
				6D07C5A624C16EFE00C6775D /* CreationDetailViewController.swift in Sources */,
				6D07C5A724C16EFE00C6775D /* OptionCreationPageViewController.swift in Sources */,
				6D07C5A824C16EFE00C6775D /* CreationNavigationController.swift in Sources */,
				6D53D46224C1E398005ABF45 /* TrendingTableViewCell.swift in Sources */,
				6D07C5A924C16EFE00C6775D /* OptionCreationViewController.swift in Sources */,
				6D765F8424C7801D00636526 /* CreationOptionTableViewCell.swift in Sources */,
				6D07C5A424C16EFA00C6775D /* TrendingViewController.swift in Sources */,
			);
			runOnlyForDeploymentPostprocessing = 0;
		};
/* End PBXSourcesBuildPhase section */

/* Begin PBXVariantGroup section */
		6D7EFE322419D9D0002D759C /* LaunchScreen.storyboard */ = {
			isa = PBXVariantGroup;
			children = (
				6D7EFE332419D9D0002D759C /* Base */,
			);
			name = LaunchScreen.storyboard;
			sourceTree = "<group>";
		};
/* End PBXVariantGroup section */

/* Begin XCBuildConfiguration section */
		6D7EFE362419D9D0002D759C /* Debug */ = {
			isa = XCBuildConfiguration;
			buildSettings = {
				ALWAYS_SEARCH_USER_PATHS = NO;
				CLANG_ANALYZER_NONNULL = YES;
				CLANG_ANALYZER_NUMBER_OBJECT_CONVERSION = YES_AGGRESSIVE;
				CLANG_CXX_LANGUAGE_STANDARD = "gnu++14";
				CLANG_CXX_LIBRARY = "libc++";
				CLANG_ENABLE_MODULES = YES;
				CLANG_ENABLE_OBJC_ARC = YES;
				CLANG_ENABLE_OBJC_WEAK = YES;
				CLANG_WARN_BLOCK_CAPTURE_AUTORELEASING = YES;
				CLANG_WARN_BOOL_CONVERSION = YES;
				CLANG_WARN_COMMA = YES;
				CLANG_WARN_CONSTANT_CONVERSION = YES;
				CLANG_WARN_DEPRECATED_OBJC_IMPLEMENTATIONS = YES;
				CLANG_WARN_DIRECT_OBJC_ISA_USAGE = YES_ERROR;
				CLANG_WARN_DOCUMENTATION_COMMENTS = YES;
				CLANG_WARN_EMPTY_BODY = YES;
				CLANG_WARN_ENUM_CONVERSION = YES;
				CLANG_WARN_INFINITE_RECURSION = YES;
				CLANG_WARN_INT_CONVERSION = YES;
				CLANG_WARN_NON_LITERAL_NULL_CONVERSION = YES;
				CLANG_WARN_OBJC_IMPLICIT_RETAIN_SELF = YES;
				CLANG_WARN_OBJC_LITERAL_CONVERSION = YES;
				CLANG_WARN_OBJC_ROOT_CLASS = YES_ERROR;
				CLANG_WARN_RANGE_LOOP_ANALYSIS = YES;
				CLANG_WARN_STRICT_PROTOTYPES = YES;
				CLANG_WARN_SUSPICIOUS_MOVE = YES;
				CLANG_WARN_UNGUARDED_AVAILABILITY = YES_AGGRESSIVE;
				CLANG_WARN_UNREACHABLE_CODE = YES;
				CLANG_WARN__DUPLICATE_METHOD_MATCH = YES;
				COPY_PHASE_STRIP = NO;
				DEBUG_INFORMATION_FORMAT = dwarf;
				ENABLE_STRICT_OBJC_MSGSEND = YES;
				ENABLE_TESTABILITY = YES;
				GCC_C_LANGUAGE_STANDARD = gnu11;
				GCC_DYNAMIC_NO_PIC = NO;
				GCC_NO_COMMON_BLOCKS = YES;
				GCC_OPTIMIZATION_LEVEL = 0;
				GCC_PREPROCESSOR_DEFINITIONS = (
					"DEBUG=1",
					"$(inherited)",
				);
				GCC_WARN_64_TO_32_BIT_CONVERSION = YES;
				GCC_WARN_ABOUT_RETURN_TYPE = YES_ERROR;
				GCC_WARN_UNDECLARED_SELECTOR = YES;
				GCC_WARN_UNINITIALIZED_AUTOS = YES_AGGRESSIVE;
				GCC_WARN_UNUSED_FUNCTION = YES;
				GCC_WARN_UNUSED_VARIABLE = YES;
				IPHONEOS_DEPLOYMENT_TARGET = 13.1;
				MTL_ENABLE_DEBUG_INFO = INCLUDE_SOURCE;
				MTL_FAST_MATH = YES;
				ONLY_ACTIVE_ARCH = YES;
				SDKROOT = iphoneos;
				SWIFT_ACTIVE_COMPILATION_CONDITIONS = DEBUG;
				SWIFT_OPTIMIZATION_LEVEL = "-Onone";
			};
			name = Debug;
		};
		6D7EFE372419D9D0002D759C /* Release */ = {
			isa = XCBuildConfiguration;
			buildSettings = {
				ALWAYS_SEARCH_USER_PATHS = NO;
				CLANG_ANALYZER_NONNULL = YES;
				CLANG_ANALYZER_NUMBER_OBJECT_CONVERSION = YES_AGGRESSIVE;
				CLANG_CXX_LANGUAGE_STANDARD = "gnu++14";
				CLANG_CXX_LIBRARY = "libc++";
				CLANG_ENABLE_MODULES = YES;
				CLANG_ENABLE_OBJC_ARC = YES;
				CLANG_ENABLE_OBJC_WEAK = YES;
				CLANG_WARN_BLOCK_CAPTURE_AUTORELEASING = YES;
				CLANG_WARN_BOOL_CONVERSION = YES;
				CLANG_WARN_COMMA = YES;
				CLANG_WARN_CONSTANT_CONVERSION = YES;
				CLANG_WARN_DEPRECATED_OBJC_IMPLEMENTATIONS = YES;
				CLANG_WARN_DIRECT_OBJC_ISA_USAGE = YES_ERROR;
				CLANG_WARN_DOCUMENTATION_COMMENTS = YES;
				CLANG_WARN_EMPTY_BODY = YES;
				CLANG_WARN_ENUM_CONVERSION = YES;
				CLANG_WARN_INFINITE_RECURSION = YES;
				CLANG_WARN_INT_CONVERSION = YES;
				CLANG_WARN_NON_LITERAL_NULL_CONVERSION = YES;
				CLANG_WARN_OBJC_IMPLICIT_RETAIN_SELF = YES;
				CLANG_WARN_OBJC_LITERAL_CONVERSION = YES;
				CLANG_WARN_OBJC_ROOT_CLASS = YES_ERROR;
				CLANG_WARN_RANGE_LOOP_ANALYSIS = YES;
				CLANG_WARN_STRICT_PROTOTYPES = YES;
				CLANG_WARN_SUSPICIOUS_MOVE = YES;
				CLANG_WARN_UNGUARDED_AVAILABILITY = YES_AGGRESSIVE;
				CLANG_WARN_UNREACHABLE_CODE = YES;
				CLANG_WARN__DUPLICATE_METHOD_MATCH = YES;
				COPY_PHASE_STRIP = NO;
				DEBUG_INFORMATION_FORMAT = "dwarf-with-dsym";
				ENABLE_NS_ASSERTIONS = NO;
				ENABLE_STRICT_OBJC_MSGSEND = YES;
				GCC_C_LANGUAGE_STANDARD = gnu11;
				GCC_NO_COMMON_BLOCKS = YES;
				GCC_WARN_64_TO_32_BIT_CONVERSION = YES;
				GCC_WARN_ABOUT_RETURN_TYPE = YES_ERROR;
				GCC_WARN_UNDECLARED_SELECTOR = YES;
				GCC_WARN_UNINITIALIZED_AUTOS = YES_AGGRESSIVE;
				GCC_WARN_UNUSED_FUNCTION = YES;
				GCC_WARN_UNUSED_VARIABLE = YES;
				IPHONEOS_DEPLOYMENT_TARGET = 13.1;
				MTL_ENABLE_DEBUG_INFO = NO;
				MTL_FAST_MATH = YES;
				SDKROOT = iphoneos;
				SWIFT_COMPILATION_MODE = wholemodule;
				SWIFT_OPTIMIZATION_LEVEL = "-O";
				VALIDATE_PRODUCT = YES;
			};
			name = Release;
		};
		6D7EFE392419D9D0002D759C /* Debug */ = {
			isa = XCBuildConfiguration;
			baseConfigurationReference = 0F60DD05D32785634DF525F2 /* Pods-Bracket.debug.xcconfig */;
			buildSettings = {
				ASSETCATALOG_COMPILER_APPICON_NAME = AppIcon;
				CODE_SIGN_STYLE = Automatic;
				CURRENT_PROJECT_VERSION = 1;
				DEVELOPMENT_TEAM = GL2R4GY29R;
				INFOPLIST_FILE = "$(SRCROOT)/Bracket/Helpers/Info.plist";
				IPHONEOS_DEPLOYMENT_TARGET = 13.4;
				LD_RUNPATH_SEARCH_PATHS = (
					"$(inherited)",
					"@executable_path/Frameworks",
				);
				MARKETING_VERSION = 1.0;
				PRODUCT_BUNDLE_IDENTIFIER = com.justingalang.Bracket;
				PRODUCT_NAME = Bracket;
				SWIFT_VERSION = 5.0;
				TARGETED_DEVICE_FAMILY = "1,2";
			};
			name = Debug;
		};
		6D7EFE3A2419D9D0002D759C /* Release */ = {
			isa = XCBuildConfiguration;
			baseConfigurationReference = 0090BBD43AD4CC13147270A0 /* Pods-Bracket.release.xcconfig */;
			buildSettings = {
				ASSETCATALOG_COMPILER_APPICON_NAME = AppIcon;
				CODE_SIGN_STYLE = Automatic;
				CURRENT_PROJECT_VERSION = 1;
				DEVELOPMENT_TEAM = GL2R4GY29R;
				INFOPLIST_FILE = "$(SRCROOT)/Bracket/Helpers/Info.plist";
				IPHONEOS_DEPLOYMENT_TARGET = 13.4;
				LD_RUNPATH_SEARCH_PATHS = (
					"$(inherited)",
					"@executable_path/Frameworks",
				);
				MARKETING_VERSION = 1.0;
				PRODUCT_BUNDLE_IDENTIFIER = com.justingalang.Bracket;
				PRODUCT_NAME = Bracket;
				SWIFT_VERSION = 5.0;
				TARGETED_DEVICE_FAMILY = "1,2";
			};
			name = Release;
		};
/* End XCBuildConfiguration section */

/* Begin XCConfigurationList section */
		6D7EFE1F2419D9CE002D759C /* Build configuration list for PBXProject "Bracket" */ = {
			isa = XCConfigurationList;
			buildConfigurations = (
				6D7EFE362419D9D0002D759C /* Debug */,
				6D7EFE372419D9D0002D759C /* Release */,
			);
			defaultConfigurationIsVisible = 0;
			defaultConfigurationName = Release;
		};
		6D7EFE382419D9D0002D759C /* Build configuration list for PBXNativeTarget "Bracket" */ = {
			isa = XCConfigurationList;
			buildConfigurations = (
				6D7EFE392419D9D0002D759C /* Debug */,
				6D7EFE3A2419D9D0002D759C /* Release */,
			);
			defaultConfigurationIsVisible = 0;
			defaultConfigurationName = Release;
		};
/* End XCConfigurationList section */
	};
	rootObject = 6D7EFE1C2419D9CE002D759C /* Project object */;
}
