// !$*UTF8*$!
{
	archiveVersion = 1;
	classes = {
	};
	objectVersion = 50;
	objects = {

/* Begin PBXBuildFile section */
		6D7EFE282419D9CE002D759C /* AppDelegate.swift in Sources */ = {isa = PBXBuildFile; fileRef = 6D7EFE272419D9CE002D759C /* AppDelegate.swift */; };
		6D7EFE2A2419D9CE002D759C /* SceneDelegate.swift in Sources */ = {isa = PBXBuildFile; fileRef = 6D7EFE292419D9CE002D759C /* SceneDelegate.swift */; };
		6D7EFE2C2419D9CE002D759C /* ViewController.swift in Sources */ = {isa = PBXBuildFile; fileRef = 6D7EFE2B2419D9CE002D759C /* ViewController.swift */; };
		6D7EFE2F2419D9CE002D759C /* Main.storyboard in Resources */ = {isa = PBXBuildFile; fileRef = 6D7EFE2D2419D9CE002D759C /* Main.storyboard */; };
		6D7EFE312419D9D0002D759C /* Assets.xcassets in Resources */ = {isa = PBXBuildFile; fileRef = 6D7EFE302419D9D0002D759C /* Assets.xcassets */; };
		6D7EFE342419D9D0002D759C /* LaunchScreen.storyboard in Resources */ = {isa = PBXBuildFile; fileRef = 6D7EFE322419D9D0002D759C /* LaunchScreen.storyboard */; };
/* End PBXBuildFile section */

/* Begin PBXFileReference section */
		6D7EFE242419D9CE002D759C /* Bracket.app */ = {isa = PBXFileReference; explicitFileType = wrapper.application; includeInIndex = 0; path = Bracket.app; sourceTree = BUILT_PRODUCTS_DIR; };
		6D7EFE272419D9CE002D759C /* AppDelegate.swift */ = {isa = PBXFileReference; lastKnownFileType = sourcecode.swift; path = AppDelegate.swift; sourceTree = "<group>"; };
		6D7EFE292419D9CE002D759C /* SceneDelegate.swift */ = {isa = PBXFileReference; lastKnownFileType = sourcecode.swift; path = SceneDelegate.swift; sourceTree = "<group>"; };
		6D7EFE2B2419D9CE002D759C /* ViewController.swift */ = {isa = PBXFileReference; lastKnownFileType = sourcecode.swift; path = ViewController.swift; sourceTree = "<group>"; };
		6D7EFE2E2419D9CE002D759C /* Base */ = {isa = PBXFileReference; lastKnownFileType = file.storyboard; name = Base; path = Base.lproj/Main.storyboard; sourceTree = "<group>"; };
		6D7EFE302419D9D0002D759C /* Assets.xcassets */ = {isa = PBXFileReference; lastKnownFileType = folder.assetcatalog; path = Assets.xcassets; sourceTree = "<group>"; };
		6D7EFE332419D9D0002D759C /* Base */ = {isa = PBXFileReference; lastKnownFileType = file.storyboard; name = Base; path = Base.lproj/LaunchScreen.storyboard; sourceTree = "<group>"; };
		6D7EFE352419D9D0002D759C /* Info.plist */ = {isa = PBXFileReference; lastKnownFileType = text.plist.xml; path = Info.plist; sourceTree = "<group>"; };
/* End PBXFileReference section */

/* Begin PBXFrameworksBuildPhase section */
		6D7EFE212419D9CE002D759C /* Frameworks */ = {
			isa = PBXFrameworksBuildPhase;
			buildActionMask = 2147483647;
			files = (
			);
			runOnlyForDeploymentPostprocessing = 0;
		};
/* End PBXFrameworksBuildPhase section */

/* Begin PBXGroup section */
		6D7EFE1B2419D9CE002D759C = {
			isa = PBXGroup;
			children = (
				6D7EFE262419D9CE002D759C /* Bracket */,
				6D7EFE252419D9CE002D759C /* Products */,
			);
			sourceTree = "<group>";
		};
		6D7EFE252419D9CE002D759C /* Products */ = {
			isa = PBXGroup;
			children = (
				6D7EFE242419D9CE002D759C /* Bracket.app */,
			);
			name = Products;
			sourceTree = "<group>";
		};
		6D7EFE262419D9CE002D759C /* Bracket */ = {
			isa = PBXGroup;
			children = (
				6D7EFE272419D9CE002D759C /* AppDelegate.swift */,
				6D7EFE292419D9CE002D759C /* SceneDelegate.swift */,
				6D7EFE2B2419D9CE002D759C /* ViewController.swift */,
				6D7EFE2D2419D9CE002D759C /* Main.storyboard */,
				6D7EFE302419D9D0002D759C /* Assets.xcassets */,
				6D7EFE322419D9D0002D759C /* LaunchScreen.storyboard */,
				6D7EFE352419D9D0002D759C /* Info.plist */,
			);
			path = Bracket;
			sourceTree = "<group>";
		};
/* End PBXGroup section */

/* Begin PBXNativeTarget section */
		6D7EFE232419D9CE002D759C /* Bracket */ = {
			isa = PBXNativeTarget;
			buildConfigurationList = 6D7EFE382419D9D0002D759C /* Build configuration list for PBXNativeTarget "Bracket" */;
			buildPhases = (
				6D7EFE202419D9CE002D759C /* Sources */,
				6D7EFE212419D9CE002D759C /* Frameworks */,
				6D7EFE222419D9CE002D759C /* Resources */,
			);
			buildRules = (
			);
			dependencies = (
			);
			name = Bracket;
			productName = Bracket;
			productReference = 6D7EFE242419D9CE002D759C /* Bracket.app */;
			productType = "com.apple.product-type.application";
		};
/* End PBXNativeTarget section */

/* Begin PBXProject section */
		6D7EFE1C2419D9CE002D759C /* Project object */ = {
			isa = PBXProject;
			attributes = {
				LastSwiftUpdateCheck = 1110;
				LastUpgradeCheck = 1110;
				ORGANIZATIONNAME = "Justin Galang";
				TargetAttributes = {
					6D7EFE232419D9CE002D759C = {
						CreatedOnToolsVersion = 11.1;
					};
				};
			};
			buildConfigurationList = 6D7EFE1F2419D9CE002D759C /* Build configuration list for PBXProject "Bracket" */;
			compatibilityVersion = "Xcode 9.3";
			developmentRegion = en;
			hasScannedForEncodings = 0;
			knownRegions = (
				en,
				Base,
			);
			mainGroup = 6D7EFE1B2419D9CE002D759C;
			productRefGroup = 6D7EFE252419D9CE002D759C /* Products */;
			projectDirPath = "";
			projectRoot = "";
			targets = (
				6D7EFE232419D9CE002D759C /* Bracket */,
			);
		};
/* End PBXProject section */

/* Begin PBXResourcesBuildPhase section */
		6D7EFE222419D9CE002D759C /* Resources */ = {
			isa = PBXResourcesBuildPhase;
			buildActionMask = 2147483647;
			files = (
				6D7EFE342419D9D0002D759C /* LaunchScreen.storyboard in Resources */,
				6D7EFE312419D9D0002D759C /* Assets.xcassets in Resources */,
				6D7EFE2F2419D9CE002D759C /* Main.storyboard in Resources */,
			);
			runOnlyForDeploymentPostprocessing = 0;
		};
/* End PBXResourcesBuildPhase section */

/* Begin PBXSourcesBuildPhase section */
		6D7EFE202419D9CE002D759C /* Sources */ = {
			isa = PBXSourcesBuildPhase;
			buildActionMask = 2147483647;
			files = (
				6D7EFE2C2419D9CE002D759C /* ViewController.swift in Sources */,
				6D7EFE282419D9CE002D759C /* AppDelegate.swift in Sources */,
				6D7EFE2A2419D9CE002D759C /* SceneDelegate.swift in Sources */,
			);
			runOnlyForDeploymentPostprocessing = 0;
		};
/* End PBXSourcesBuildPhase section */

/* Begin PBXVariantGroup section */
		6D7EFE2D2419D9CE002D759C /* Main.storyboard */ = {
			isa = PBXVariantGroup;
			children = (
				6D7EFE2E2419D9CE002D759C /* Base */,
			);
			name = Main.storyboard;
			sourceTree = "<group>";
		};
		6D7EFE322419D9D0002D759C /* LaunchScreen.storyboard */ = {
			isa = PBXVariantGroup;
			children = (
				6D7EFE332419D9D0002D759C /* Base */,
			);
			name = LaunchScreen.storyboard;
			sourceTree = "<group>";
		};
/* End PBXVariantGroup section */

/* Begin XCBuildConfiguration section */
		6D7EFE362419D9D0002D759C /* Debug */ = {
			isa = XCBuildConfiguration;
			buildSettings = {
				ALWAYS_SEARCH_USER_PATHS = NO;
				CLANG_ANALYZER_NONNULL = YES;
				CLANG_ANALYZER_NUMBER_OBJECT_CONVERSION = YES_AGGRESSIVE;
				CLANG_CXX_LANGUAGE_STANDARD = "gnu++14";
				CLANG_CXX_LIBRARY = "libc++";
				CLANG_ENABLE_MODULES = YES;
				CLANG_ENABLE_OBJC_ARC = YES;
				CLANG_ENABLE_OBJC_WEAK = YES;
				CLANG_WARN_BLOCK_CAPTURE_AUTORELEASING = YES;
				CLANG_WARN_BOOL_CONVERSION = YES;
				CLANG_WARN_COMMA = YES;
				CLANG_WARN_CONSTANT_CONVERSION = YES;
				CLANG_WARN_DEPRECATED_OBJC_IMPLEMENTATIONS = YES;
				CLANG_WARN_DIRECT_OBJC_ISA_USAGE = YES_ERROR;
				CLANG_WARN_DOCUMENTATION_COMMENTS = YES;
				CLANG_WARN_EMPTY_BODY = YES;
				CLANG_WARN_ENUM_CONVERSION = YES;
				CLANG_WARN_INFINITE_RECURSION = YES;
				CLANG_WARN_INT_CONVERSION = YES;
				CLANG_WARN_NON_LITERAL_NULL_CONVERSION = YES;
				CLANG_WARN_OBJC_IMPLICIT_RETAIN_SELF = YES;
				CLANG_WARN_OBJC_LITERAL_CONVERSION = YES;
				CLANG_WARN_OBJC_ROOT_CLASS = YES_ERROR;
				CLANG_WARN_RANGE_LOOP_ANALYSIS = YES;
				CLANG_WARN_STRICT_PROTOTYPES = YES;
				CLANG_WARN_SUSPICIOUS_MOVE = YES;
				CLANG_WARN_UNGUARDED_AVAILABILITY = YES_AGGRESSIVE;
				CLANG_WARN_UNREACHABLE_CODE = YES;
				CLANG_WARN__DUPLICATE_METHOD_MATCH = YES;
				COPY_PHASE_STRIP = NO;
				DEBUG_INFORMATION_FORMAT = dwarf;
				ENABLE_STRICT_OBJC_MSGSEND = YES;
				ENABLE_TESTABILITY = YES;
				GCC_C_LANGUAGE_STANDARD = gnu11;
				GCC_DYNAMIC_NO_PIC = NO;
				GCC_NO_COMMON_BLOCKS = YES;
				GCC_OPTIMIZATION_LEVEL = 0;
				GCC_PREPROCESSOR_DEFINITIONS = (
					"DEBUG=1",
					"$(inherited)",
				);
				GCC_WARN_64_TO_32_BIT_CONVERSION = YES;
				GCC_WARN_ABOUT_RETURN_TYPE = YES_ERROR;
				GCC_WARN_UNDECLARED_SELECTOR = YES;
				GCC_WARN_UNINITIALIZED_AUTOS = YES_AGGRESSIVE;
				GCC_WARN_UNUSED_FUNCTION = YES;
				GCC_WARN_UNUSED_VARIABLE = YES;
				IPHONEOS_DEPLOYMENT_TARGET = 13.1;
				MTL_ENABLE_DEBUG_INFO = INCLUDE_SOURCE;
				MTL_FAST_MATH = YES;
				ONLY_ACTIVE_ARCH = YES;
				SDKROOT = iphoneos;
				SWIFT_ACTIVE_COMPILATION_CONDITIONS = DEBUG;
				SWIFT_OPTIMIZATION_LEVEL = "-Onone";
			};
			name = Debug;
		};
		6D7EFE372419D9D0002D759C /* Release */ = {
			isa = XCBuildConfiguration;
			buildSettings = {
				ALWAYS_SEARCH_USER_PATHS = NO;
				CLANG_ANALYZER_NONNULL = YES;
				CLANG_ANALYZER_NUMBER_OBJECT_CONVERSION = YES_AGGRESSIVE;
				CLANG_CXX_LANGUAGE_STANDARD = "gnu++14";
				CLANG_CXX_LIBRARY = "libc++";
				CLANG_ENABLE_MODULES = YES;
				CLANG_ENABLE_OBJC_ARC = YES;
				CLANG_ENABLE_OBJC_WEAK = YES;
				CLANG_WARN_BLOCK_CAPTURE_AUTORELEASING = YES;
				CLANG_WARN_BOOL_CONVERSION = YES;
				CLANG_WARN_COMMA = YES;
				CLANG_WARN_CONSTANT_CONVERSION = YES;
				CLANG_WARN_DEPRECATED_OBJC_IMPLEMENTATIONS = YES;
				CLANG_WARN_DIRECT_OBJC_ISA_USAGE = YES_ERROR;
				CLANG_WARN_DOCUMENTATION_COMMENTS = YES;
				CLANG_WARN_EMPTY_BODY = YES;
				CLANG_WARN_ENUM_CONVERSION = YES;
				CLANG_WARN_INFINITE_RECURSION = YES;
				CLANG_WARN_INT_CONVERSION = YES;
				CLANG_WARN_NON_LITERAL_NULL_CONVERSION = YES;
				CLANG_WARN_OBJC_IMPLICIT_RETAIN_SELF = YES;
				CLANG_WARN_OBJC_LITERAL_CONVERSION = YES;
				CLANG_WARN_OBJC_ROOT_CLASS = YES_ERROR;
				CLANG_WARN_RANGE_LOOP_ANALYSIS = YES;
				CLANG_WARN_STRICT_PROTOTYPES = YES;
				CLANG_WARN_SUSPICIOUS_MOVE = YES;
				CLANG_WARN_UNGUARDED_AVAILABILITY = YES_AGGRESSIVE;
				CLANG_WARN_UNREACHABLE_CODE = YES;
				CLANG_WARN__DUPLICATE_METHOD_MATCH = YES;
				COPY_PHASE_STRIP = NO;
				DEBUG_INFORMATION_FORMAT = "dwarf-with-dsym";
				ENABLE_NS_ASSERTIONS = NO;
				ENABLE_STRICT_OBJC_MSGSEND = YES;
				GCC_C_LANGUAGE_STANDARD = gnu11;
				GCC_NO_COMMON_BLOCKS = YES;
				GCC_WARN_64_TO_32_BIT_CONVERSION = YES;
				GCC_WARN_ABOUT_RETURN_TYPE = YES_ERROR;
				GCC_WARN_UNDECLARED_SELECTOR = YES;
				GCC_WARN_UNINITIALIZED_AUTOS = YES_AGGRESSIVE;
				GCC_WARN_UNUSED_FUNCTION = YES;
				GCC_WARN_UNUSED_VARIABLE = YES;
				IPHONEOS_DEPLOYMENT_TARGET = 13.1;
				MTL_ENABLE_DEBUG_INFO = NO;
				MTL_FAST_MATH = YES;
				SDKROOT = iphoneos;
				SWIFT_COMPILATION_MODE = wholemodule;
				SWIFT_OPTIMIZATION_LEVEL = "-O";
				VALIDATE_PRODUCT = YES;
			};
			name = Release;
		};
		6D7EFE392419D9D0002D759C /* Debug */ = {
			isa = XCBuildConfiguration;
			buildSettings = {
				ASSETCATALOG_COMPILER_APPICON_NAME = AppIcon;
				CODE_SIGN_STYLE = Automatic;
				INFOPLIST_FILE = Bracket/Info.plist;
				LD_RUNPATH_SEARCH_PATHS = (
					"$(inherited)",
					"@executable_path/Frameworks",
				);
				PRODUCT_BUNDLE_IDENTIFIER = com.justingalang.Bracket;
				PRODUCT_NAME = "$(TARGET_NAME)";
				SWIFT_VERSION = 5.0;
				TARGETED_DEVICE_FAMILY = "1,2";
			};
			name = Debug;
		};
		6D7EFE3A2419D9D0002D759C /* Release */ = {
			isa = XCBuildConfiguration;
			buildSettings = {
				ASSETCATALOG_COMPILER_APPICON_NAME = AppIcon;
				CODE_SIGN_STYLE = Automatic;
				INFOPLIST_FILE = Bracket/Info.plist;
				LD_RUNPATH_SEARCH_PATHS = (
					"$(inherited)",
					"@executable_path/Frameworks",
				);
				PRODUCT_BUNDLE_IDENTIFIER = com.justingalang.Bracket;
				PRODUCT_NAME = "$(TARGET_NAME)";
				SWIFT_VERSION = 5.0;
				TARGETED_DEVICE_FAMILY = "1,2";
			};
			name = Release;
		};
/* End XCBuildConfiguration section */

/* Begin XCConfigurationList section */
		6D7EFE1F2419D9CE002D759C /* Build configuration list for PBXProject "Bracket" */ = {
			isa = XCConfigurationList;
			buildConfigurations = (
				6D7EFE362419D9D0002D759C /* Debug */,
				6D7EFE372419D9D0002D759C /* Release */,
			);
			defaultConfigurationIsVisible = 0;
			defaultConfigurationName = Release;
		};
		6D7EFE382419D9D0002D759C /* Build configuration list for PBXNativeTarget "Bracket" */ = {
			isa = XCConfigurationList;
			buildConfigurations = (
				6D7EFE392419D9D0002D759C /* Debug */,
				6D7EFE3A2419D9D0002D759C /* Release */,
			);
			defaultConfigurationIsVisible = 0;
			defaultConfigurationName = Release;
		};
/* End XCConfigurationList section */
	};
	rootObject = 6D7EFE1C2419D9CE002D759C /* Project object */;
}
